
Microsoft Visual Studio Solution File, Format Version 12.00
# Visual Studio Version 16
VisualStudioVersion = 16.0.29102.190
MinimumVisualStudioVersion = 10.0.40219.1
Project("{2150E333-8FDC-42A3-9474-1A3956D46DE8}") = "Solution Items", "Solution Items", "{4784B2C0-65E8-4ECD-9125-5F228022A30A}"
	ProjectSection(SolutionItems) = preProject
		README.md = README.md
	EndProjectSection
EndProject
Project("{FAE04EC0-301F-11D3-BF4B-00C04F79EFBC}") = "DacPacUnitTests", "DacPacUnitTests\DacPacUnitTests.csproj", "{1C46D4E1-52E5-4934-B874-6EE8D88A0F02}"
EndProject
Project("{00D1A9C2-B5F0-4AF3-8072-F6C62B433612}") = "SimpleDb", "SimpleDb\SimpleDb.sqlproj", "{9F1D3445-F86A-4CAA-8408-9D4A3261FC4E}"
EndProject
Project("{FAE04EC0-301F-11D3-BF4B-00C04F79EFBC}") = "SimpleDbModelEntities", "SimpleDbModelEntities\SimpleDbModelEntities.csproj", "{182AF2F4-E43A-42E9-8095-DF0C5B38B860}"
EndProject
Global
	GlobalSection(SolutionConfigurationPlatforms) = preSolution
		Debug|Any CPU = Debug|Any CPU
		Release|Any CPU = Release|Any CPU
	EndGlobalSection
	GlobalSection(ProjectConfigurationPlatforms) = postSolution
		{1C46D4E1-52E5-4934-B874-6EE8D88A0F02}.Debug|Any CPU.ActiveCfg = Debug|Any CPU
		{1C46D4E1-52E5-4934-B874-6EE8D88A0F02}.Debug|Any CPU.Build.0 = Debug|Any CPU
		{1C46D4E1-52E5-4934-B874-6EE8D88A0F02}.Release|Any CPU.ActiveCfg = Release|Any CPU
		{1C46D4E1-52E5-4934-B874-6EE8D88A0F02}.Release|Any CPU.Build.0 = Release|Any CPU
		{9F1D3445-F86A-4CAA-8408-9D4A3261FC4E}.Debug|Any CPU.ActiveCfg = Debug|Any CPU
		{9F1D3445-F86A-4CAA-8408-9D4A3261FC4E}.Debug|Any CPU.Build.0 = Debug|Any CPU
		{9F1D3445-F86A-4CAA-8408-9D4A3261FC4E}.Debug|Any CPU.Deploy.0 = Debug|Any CPU
		{9F1D3445-F86A-4CAA-8408-9D4A3261FC4E}.Release|Any CPU.ActiveCfg = Release|Any CPU
		{9F1D3445-F86A-4CAA-8408-9D4A3261FC4E}.Release|Any CPU.Build.0 = Release|Any CPU
		{9F1D3445-F86A-4CAA-8408-9D4A3261FC4E}.Release|Any CPU.Deploy.0 = Release|Any CPU
		{182AF2F4-E43A-42E9-8095-DF0C5B38B860}.Debug|Any CPU.ActiveCfg = Debug|Any CPU
		{182AF2F4-E43A-42E9-8095-DF0C5B38B860}.Debug|Any CPU.Build.0 = Debug|Any CPU
		{182AF2F4-E43A-42E9-8095-DF0C5B38B860}.Release|Any CPU.ActiveCfg = Release|Any CPU
		{182AF2F4-E43A-42E9-8095-DF0C5B38B860}.Release|Any CPU.Build.0 = Release|Any CPU
	EndGlobalSection
	GlobalSection(SolutionProperties) = preSolution
		HideSolutionNode = FALSE
	EndGlobalSection
	GlobalSection(NestedProjects) = preSolution
		{1C46D4E1-52E5-4934-B874-6EE8D88A0F02} = {4784B2C0-65E8-4ECD-9125-5F228022A30A}
		{9F1D3445-F86A-4CAA-8408-9D4A3261FC4E} = {4784B2C0-65E8-4ECD-9125-5F228022A30A}
		{182AF2F4-E43A-42E9-8095-DF0C5B38B860} = {4784B2C0-65E8-4ECD-9125-5F228022A30A}
	EndGlobalSection
	GlobalSection(ExtensibilityGlobals) = postSolution
		SolutionGuid = {23DC6CB1-73A6-4934-BD00-A6F260EEA671}
	EndGlobalSection
EndGlobal
